github.com/go-ego/gse v1.1.0 h1:GFjCjmzPt8is8Qy1qhZzOJi6FUVV2Ih15rx+YV4UCCA=
github.com/go-ego/gse v1.1.0/go.mod h1:eYyKCwRmYa7FhzR5Nq7DrieO5deH4Ej4KDCXS7ahlbU=
github.com/vcaesar/cedar v0.50.0 h1:eNTViTwbdqa5hC6XrV6rpCILf7Yzyi/Z6dk9f6BiXiA=
github.com/vcaesar/cedar v0.50.0/go.mod h1:eHvpmJXJmOowP8mW/Xqjra+HmKovJNcRxRPtezHjh7I=
github.com/vcaesar/tt v0.40.0 h1:vWUNRJn13ozP3xXlAXV5q9WivaDSHRS2jQ2J2ayCvQs=
github.com/vcaesar/tt v0.40.0/go.mod h1:cH2+AwGAJm19Wa6xvEa+0r+sXDJBT0QgNQey6mwqLeU=
